
Microsoft Visual Studio Solution File, Format Version 12.00
# Visual Studio Version 16
VisualStudioVersion = 16.0.30320.27
MinimumVisualStudioVersion = 10.0.40219.1
Project("{FAE04EC0-301F-11D3-BF4B-00C04F79EFBC}") = "SergSavkDz02", "SergSavkDz02\SergSavkDz02.csproj", "{0061638E-D6A4-4E27-B664-B0AC85CFFFEC}"
EndProject
Global
	GlobalSection(SolutionConfigurationPlatforms) = preSolution
		Debug|Any CPU = Debug|Any CPU
		Release|Any CPU = Release|Any CPU
	EndGlobalSection
	GlobalSection(ProjectConfigurationPlatforms) = postSolution
		{0061638E-D6A4-4E27-B664-B0AC85CFFFEC}.Debug|Any CPU.ActiveCfg = Debug|Any CPU
		{0061638E-D6A4-4E27-B664-B0AC85CFFFEC}.Debug|Any CPU.Build.0 = Debug|Any CPU
		{0061638E-D6A4-4E27-B664-B0AC85CFFFEC}.Release|Any CPU.ActiveCfg = Release|Any CPU
		{0061638E-D6A4-4E27-B664-B0AC85CFFFEC}.Release|Any CPU.Build.0 = Release|Any CPU
	EndGlobalSection
	GlobalSection(SolutionProperties) = preSolution
		HideSolutionNode = FALSE
	EndGlobalSection
	GlobalSection(ExtensibilityGlobals) = postSolution
		SolutionGuid = {FA0CE46A-4D58-4BFF-926C-4CB0405C14DF}
	EndGlobalSection
EndGlobal
